// !$*UTF8*$!
{
	archiveVersion = 1;
	classes = {
	};
	objectVersion = 55;
	objects = {

/* Begin PBXBuildFile section */
		C003B34728D30F0D009CEABF /* ExploreViewController.swift in Sources */ = {isa = PBXBuildFile; fileRef = C003B34628D30F0D009CEABF /* ExploreViewController.swift */; };
		C003B34928D30F20009CEABF /* CameraViewController.swift in Sources */ = {isa = PBXBuildFile; fileRef = C003B34828D30F20009CEABF /* CameraViewController.swift */; };
		C003B34B28D30F31009CEABF /* NotificationsViewController.swift in Sources */ = {isa = PBXBuildFile; fileRef = C003B34A28D30F31009CEABF /* NotificationsViewController.swift */; };
		C003B34D28D30F40009CEABF /* ProfileViewController.swift in Sources */ = {isa = PBXBuildFile; fileRef = C003B34C28D30F40009CEABF /* ProfileViewController.swift */; };
		C003B34F28D30FE7009CEABF /* TabBarViewController.swift in Sources */ = {isa = PBXBuildFile; fileRef = C003B34E28D30FE7009CEABF /* TabBarViewController.swift */; };
		C003B35228D3101D009CEABF /* SignInViewController.swift in Sources */ = {isa = PBXBuildFile; fileRef = C003B35128D3101D009CEABF /* SignInViewController.swift */; };
		C003B35428D3102F009CEABF /* SignUpViewController.swift in Sources */ = {isa = PBXBuildFile; fileRef = C003B35328D3102F009CEABF /* SignUpViewController.swift */; };
		C003B35628D31043009CEABF /* CaptionViewController.swift in Sources */ = {isa = PBXBuildFile; fileRef = C003B35528D31043009CEABF /* CaptionViewController.swift */; };
		C003B35828D3105A009CEABF /* ListViewController.swift in Sources */ = {isa = PBXBuildFile; fileRef = C003B35728D3105A009CEABF /* ListViewController.swift */; };
		C003B35A28D3106E009CEABF /* PostViewController.swift in Sources */ = {isa = PBXBuildFile; fileRef = C003B35928D3106E009CEABF /* PostViewController.swift */; };
		C003B35C28D31083009CEABF /* SettingsViewController.swift in Sources */ = {isa = PBXBuildFile; fileRef = C003B35B28D31083009CEABF /* SettingsViewController.swift */; };
		C003B35E28D310B8009CEABF /* User.swift in Sources */ = {isa = PBXBuildFile; fileRef = C003B35D28D310B8009CEABF /* User.swift */; };
		C003B36028D310C6009CEABF /* Post.swift in Sources */ = {isa = PBXBuildFile; fileRef = C003B35F28D310C6009CEABF /* Post.swift */; };
		C003B36228D310DE009CEABF /* Relationship.swift in Sources */ = {isa = PBXBuildFile; fileRef = C003B36128D310DE009CEABF /* Relationship.swift */; };
		C003B36428D310ED009CEABF /* Notification.swift in Sources */ = {isa = PBXBuildFile; fileRef = C003B36328D310ED009CEABF /* Notification.swift */; };
		C003B36628D3110A009CEABF /* AuthManager.swift in Sources */ = {isa = PBXBuildFile; fileRef = C003B36528D3110A009CEABF /* AuthManager.swift */; };
		C003B36828D31123009CEABF /* DatabaseManager.swift in Sources */ = {isa = PBXBuildFile; fileRef = C003B36728D31123009CEABF /* DatabaseManager.swift */; };
		C003B36A28D3112F009CEABF /* StorageManager.swift in Sources */ = {isa = PBXBuildFile; fileRef = C003B36928D3112F009CEABF /* StorageManager.swift */; };
		C003B36C28D3113A009CEABF /* AnalyticsManager.swift in Sources */ = {isa = PBXBuildFile; fileRef = C003B36B28D3113A009CEABF /* AnalyticsManager.swift */; };
		C003B36E28D31148009CEABF /* HapticsManager.swift in Sources */ = {isa = PBXBuildFile; fileRef = C003B36D28D31148009CEABF /* HapticsManager.swift */; };
		C003B37228D33BC0009CEABF /* SignInHeaderView.swift in Sources */ = {isa = PBXBuildFile; fileRef = C003B37128D33BBF009CEABF /* SignInHeaderView.swift */; };
		C003B37428D33D4D009CEABF /* Extensions.swift in Sources */ = {isa = PBXBuildFile; fileRef = C003B37328D33D4D009CEABF /* Extensions.swift */; };
		C003B37628D344C8009CEABF /* IGTextField.swift in Sources */ = {isa = PBXBuildFile; fileRef = C003B37528D344C8009CEABF /* IGTextField.swift */; };
		C003B37828D4344A009CEABF /* GoogleService-Info.plist in Resources */ = {isa = PBXBuildFile; fileRef = C003B37728D4344A009CEABF /* GoogleService-Info.plist */; };
		C086B24B28D3069E00D6AC5A /* AppDelegate.swift in Sources */ = {isa = PBXBuildFile; fileRef = C086B24A28D3069E00D6AC5A /* AppDelegate.swift */; };
		C086B24D28D3069E00D6AC5A /* SceneDelegate.swift in Sources */ = {isa = PBXBuildFile; fileRef = C086B24C28D3069E00D6AC5A /* SceneDelegate.swift */; };
		C086B24F28D3069E00D6AC5A /* HomeViewController.swift in Sources */ = {isa = PBXBuildFile; fileRef = C086B24E28D3069E00D6AC5A /* HomeViewController.swift */; };
		C086B25528D3069E00D6AC5A /* InstagramClone.xcdatamodeld in Sources */ = {isa = PBXBuildFile; fileRef = C086B25328D3069E00D6AC5A /* InstagramClone.xcdatamodeld */; };
		C086B25728D306A100D6AC5A /* Assets.xcassets in Resources */ = {isa = PBXBuildFile; fileRef = C086B25628D306A100D6AC5A /* Assets.xcassets */; };
		C086B25A28D306A100D6AC5A /* LaunchScreen.storyboard in Resources */ = {isa = PBXBuildFile; fileRef = C086B25828D306A100D6AC5A /* LaunchScreen.storyboard */; };
		F6D489FACA34DD663035DCB9 /* Pods_InstagramClone.framework in Frameworks */ = {isa = PBXBuildFile; fileRef = B01AD0DDFDAE96234D3BEC5A /* Pods_InstagramClone.framework */; };
/* End PBXBuildFile section */

/* Begin PBXFileReference section */
		348308F3FFDD5042A81167D4 /* Pods-InstagramClone.debug.xcconfig */ = {isa = PBXFileReference; includeInIndex = 1; lastKnownFileType = text.xcconfig; name = "Pods-InstagramClone.debug.xcconfig"; path = "Target Support Files/Pods-InstagramClone/Pods-InstagramClone.debug.xcconfig"; sourceTree = "<group>"; };
		B01AD0DDFDAE96234D3BEC5A /* Pods_InstagramClone.framework */ = {isa = PBXFileReference; explicitFileType = wrapper.framework; includeInIndex = 0; path = Pods_InstagramClone.framework; sourceTree = BUILT_PRODUCTS_DIR; };
		B3293E00C266CC40D9DB6A59 /* Pods-InstagramClone.release.xcconfig */ = {isa = PBXFileReference; includeInIndex = 1; lastKnownFileType = text.xcconfig; name = "Pods-InstagramClone.release.xcconfig"; path = "Target Support Files/Pods-InstagramClone/Pods-InstagramClone.release.xcconfig"; sourceTree = "<group>"; };
		C003B34628D30F0D009CEABF /* ExploreViewController.swift */ = {isa = PBXFileReference; lastKnownFileType = sourcecode.swift; path = ExploreViewController.swift; sourceTree = "<group>"; };
		C003B34828D30F20009CEABF /* CameraViewController.swift */ = {isa = PBXFileReference; lastKnownFileType = sourcecode.swift; path = CameraViewController.swift; sourceTree = "<group>"; };
		C003B34A28D30F31009CEABF /* NotificationsViewController.swift */ = {isa = PBXFileReference; lastKnownFileType = sourcecode.swift; path = NotificationsViewController.swift; sourceTree = "<group>"; };
		C003B34C28D30F40009CEABF /* ProfileViewController.swift */ = {isa = PBXFileReference; lastKnownFileType = sourcecode.swift; path = ProfileViewController.swift; sourceTree = "<group>"; };
		C003B34E28D30FE7009CEABF /* TabBarViewController.swift */ = {isa = PBXFileReference; lastKnownFileType = sourcecode.swift; path = TabBarViewController.swift; sourceTree = "<group>"; };
		C003B35128D3101D009CEABF /* SignInViewController.swift */ = {isa = PBXFileReference; lastKnownFileType = sourcecode.swift; path = SignInViewController.swift; sourceTree = "<group>"; };
		C003B35328D3102F009CEABF /* SignUpViewController.swift */ = {isa = PBXFileReference; lastKnownFileType = sourcecode.swift; path = SignUpViewController.swift; sourceTree = "<group>"; };
		C003B35528D31043009CEABF /* CaptionViewController.swift */ = {isa = PBXFileReference; lastKnownFileType = sourcecode.swift; path = CaptionViewController.swift; sourceTree = "<group>"; };
		C003B35728D3105A009CEABF /* ListViewController.swift */ = {isa = PBXFileReference; lastKnownFileType = sourcecode.swift; path = ListViewController.swift; sourceTree = "<group>"; };
		C003B35928D3106E009CEABF /* PostViewController.swift */ = {isa = PBXFileReference; lastKnownFileType = sourcecode.swift; path = PostViewController.swift; sourceTree = "<group>"; };
		C003B35B28D31083009CEABF /* SettingsViewController.swift */ = {isa = PBXFileReference; lastKnownFileType = sourcecode.swift; path = SettingsViewController.swift; sourceTree = "<group>"; };
		C003B35D28D310B8009CEABF /* User.swift */ = {isa = PBXFileReference; lastKnownFileType = sourcecode.swift; path = User.swift; sourceTree = "<group>"; };
		C003B35F28D310C6009CEABF /* Post.swift */ = {isa = PBXFileReference; lastKnownFileType = sourcecode.swift; path = Post.swift; sourceTree = "<group>"; };
		C003B36128D310DE009CEABF /* Relationship.swift */ = {isa = PBXFileReference; lastKnownFileType = sourcecode.swift; path = Relationship.swift; sourceTree = "<group>"; };
		C003B36328D310ED009CEABF /* Notification.swift */ = {isa = PBXFileReference; lastKnownFileType = sourcecode.swift; path = Notification.swift; sourceTree = "<group>"; };
		C003B36528D3110A009CEABF /* AuthManager.swift */ = {isa = PBXFileReference; lastKnownFileType = sourcecode.swift; path = AuthManager.swift; sourceTree = "<group>"; };
		C003B36728D31123009CEABF /* DatabaseManager.swift */ = {isa = PBXFileReference; lastKnownFileType = sourcecode.swift; path = DatabaseManager.swift; sourceTree = "<group>"; };
		C003B36928D3112F009CEABF /* StorageManager.swift */ = {isa = PBXFileReference; lastKnownFileType = sourcecode.swift; path = StorageManager.swift; sourceTree = "<group>"; };
		C003B36B28D3113A009CEABF /* AnalyticsManager.swift */ = {isa = PBXFileReference; lastKnownFileType = sourcecode.swift; path = AnalyticsManager.swift; sourceTree = "<group>"; };
		C003B36D28D31148009CEABF /* HapticsManager.swift */ = {isa = PBXFileReference; lastKnownFileType = sourcecode.swift; path = HapticsManager.swift; sourceTree = "<group>"; };
		C003B37128D33BBF009CEABF /* SignInHeaderView.swift */ = {isa = PBXFileReference; lastKnownFileType = sourcecode.swift; path = SignInHeaderView.swift; sourceTree = "<group>"; };
		C003B37328D33D4D009CEABF /* Extensions.swift */ = {isa = PBXFileReference; lastKnownFileType = sourcecode.swift; path = Extensions.swift; sourceTree = "<group>"; };
		C003B37528D344C8009CEABF /* IGTextField.swift */ = {isa = PBXFileReference; lastKnownFileType = sourcecode.swift; path = IGTextField.swift; sourceTree = "<group>"; };
		C003B37728D4344A009CEABF /* GoogleService-Info.plist */ = {isa = PBXFileReference; fileEncoding = 4; lastKnownFileType = text.plist.xml; path = "GoogleService-Info.plist"; sourceTree = "<group>"; };
		C086B24728D3069E00D6AC5A /* InstagramClone.app */ = {isa = PBXFileReference; explicitFileType = wrapper.application; includeInIndex = 0; path = InstagramClone.app; sourceTree = BUILT_PRODUCTS_DIR; };
		C086B24A28D3069E00D6AC5A /* AppDelegate.swift */ = {isa = PBXFileReference; lastKnownFileType = sourcecode.swift; path = AppDelegate.swift; sourceTree = "<group>"; };
		C086B24C28D3069E00D6AC5A /* SceneDelegate.swift */ = {isa = PBXFileReference; lastKnownFileType = sourcecode.swift; path = SceneDelegate.swift; sourceTree = "<group>"; };
		C086B24E28D3069E00D6AC5A /* HomeViewController.swift */ = {isa = PBXFileReference; lastKnownFileType = sourcecode.swift; path = HomeViewController.swift; sourceTree = "<group>"; };
		C086B25428D3069E00D6AC5A /* InstagramClone.xcdatamodel */ = {isa = PBXFileReference; lastKnownFileType = wrapper.xcdatamodel; path = InstagramClone.xcdatamodel; sourceTree = "<group>"; };
		C086B25628D306A100D6AC5A /* Assets.xcassets */ = {isa = PBXFileReference; lastKnownFileType = folder.assetcatalog; path = Assets.xcassets; sourceTree = "<group>"; };
		C086B25928D306A100D6AC5A /* Base */ = {isa = PBXFileReference; lastKnownFileType = file.storyboard; name = Base; path = Base.lproj/LaunchScreen.storyboard; sourceTree = "<group>"; };
		C086B25B28D306A100D6AC5A /* Info.plist */ = {isa = PBXFileReference; lastKnownFileType = text.plist.xml; path = Info.plist; sourceTree = "<group>"; };
/* End PBXFileReference section */

/* Begin PBXFrameworksBuildPhase section */
		C086B24428D3069E00D6AC5A /* Frameworks */ = {
			isa = PBXFrameworksBuildPhase;
			buildActionMask = 2147483647;
			files = (
				F6D489FACA34DD663035DCB9 /* Pods_InstagramClone.framework in Frameworks */,
			);
			runOnlyForDeploymentPostprocessing = 0;
		};
/* End PBXFrameworksBuildPhase section */

/* Begin PBXGroup section */
		17B4D3470CCCC23A29A405F0 /* Frameworks */ = {
			isa = PBXGroup;
			children = (
				B01AD0DDFDAE96234D3BEC5A /* Pods_InstagramClone.framework */,
			);
			name = Frameworks;
			sourceTree = "<group>";
		};
		C003B33F28D30883009CEABF /* Controllers */ = {
			isa = PBXGroup;
			children = (
				C003B35028D30FF8009CEABF /* Other */,
				C003B34528D30EC5009CEABF /* Core */,
			);
			path = Controllers;
			sourceTree = "<group>";
		};
		C003B34028D30897009CEABF /* Views */ = {
			isa = PBXGroup;
			children = (
				C086B25828D306A100D6AC5A /* LaunchScreen.storyboard */,
				C003B37128D33BBF009CEABF /* SignInHeaderView.swift */,
				C003B37528D344C8009CEABF /* IGTextField.swift */,
			);
			path = Views;
			sourceTree = "<group>";
		};
		C003B34128D308A4009CEABF /* Models */ = {
			isa = PBXGroup;
			children = (
				C003B35D28D310B8009CEABF /* User.swift */,
				C003B35F28D310C6009CEABF /* Post.swift */,
				C003B36128D310DE009CEABF /* Relationship.swift */,
				C003B36328D310ED009CEABF /* Notification.swift */,
			);
			path = Models;
			sourceTree = "<group>";
		};
		C003B34328D308C8009CEABF /* Managers */ = {
			isa = PBXGroup;
			children = (
				C003B36528D3110A009CEABF /* AuthManager.swift */,
				C003B36728D31123009CEABF /* DatabaseManager.swift */,
				C003B36928D3112F009CEABF /* StorageManager.swift */,
				C003B36B28D3113A009CEABF /* AnalyticsManager.swift */,
				C003B36D28D31148009CEABF /* HapticsManager.swift */,
			);
			path = Managers;
			sourceTree = "<group>";
		};
		C003B34428D308D3009CEABF /* Resources */ = {
			isa = PBXGroup;
			children = (
				C003B37728D4344A009CEABF /* GoogleService-Info.plist */,
				C086B25628D306A100D6AC5A /* Assets.xcassets */,
				C086B24A28D3069E00D6AC5A /* AppDelegate.swift */,
				C086B24C28D3069E00D6AC5A /* SceneDelegate.swift */,
				C003B37328D33D4D009CEABF /* Extensions.swift */,
			);
			path = Resources;
			sourceTree = "<group>";
		};
		C003B34528D30EC5009CEABF /* Core */ = {
			isa = PBXGroup;
			children = (
				C086B24E28D3069E00D6AC5A /* HomeViewController.swift */,
				C003B34628D30F0D009CEABF /* ExploreViewController.swift */,
				C003B34828D30F20009CEABF /* CameraViewController.swift */,
				C003B34A28D30F31009CEABF /* NotificationsViewController.swift */,
				C003B34C28D30F40009CEABF /* ProfileViewController.swift */,
				C003B34E28D30FE7009CEABF /* TabBarViewController.swift */,
			);
			path = Core;
			sourceTree = "<group>";
		};
		C003B35028D30FF8009CEABF /* Other */ = {
			isa = PBXGroup;
			children = (
				C003B35128D3101D009CEABF /* SignInViewController.swift */,
				C003B35328D3102F009CEABF /* SignUpViewController.swift */,
				C003B35528D31043009CEABF /* CaptionViewController.swift */,
				C003B35728D3105A009CEABF /* ListViewController.swift */,
				C003B35928D3106E009CEABF /* PostViewController.swift */,
				C003B35B28D31083009CEABF /* SettingsViewController.swift */,
			);
			path = Other;
			sourceTree = "<group>";
		};
		C003B37928D445A7009CEABF /* ViewModels */ = {
			isa = PBXGroup;
			children = (
			);
			path = ViewModels;
			sourceTree = "<group>";
		};
		C086B23E28D3069D00D6AC5A = {
			isa = PBXGroup;
			children = (
				C086B24928D3069E00D6AC5A /* InstagramClone */,
				C086B24828D3069E00D6AC5A /* Products */,
				DA40AF6E6D1108AF113D9524 /* Pods */,
				17B4D3470CCCC23A29A405F0 /* Frameworks */,
			);
			sourceTree = "<group>";
		};
		C086B24828D3069E00D6AC5A /* Products */ = {
			isa = PBXGroup;
			children = (
				C086B24728D3069E00D6AC5A /* InstagramClone.app */,
			);
			name = Products;
			sourceTree = "<group>";
		};
		C086B24928D3069E00D6AC5A /* InstagramClone */ = {
			isa = PBXGroup;
			children = (
				C003B37928D445A7009CEABF /* ViewModels */,
				C003B34428D308D3009CEABF /* Resources */,
				C003B34328D308C8009CEABF /* Managers */,
				C003B34128D308A4009CEABF /* Models */,
				C003B34028D30897009CEABF /* Views */,
				C003B33F28D30883009CEABF /* Controllers */,
				C086B25B28D306A100D6AC5A /* Info.plist */,
				C086B25328D3069E00D6AC5A /* InstagramClone.xcdatamodeld */,
			);
			path = InstagramClone;
			sourceTree = "<group>";
		};
		DA40AF6E6D1108AF113D9524 /* Pods */ = {
			isa = PBXGroup;
			children = (
				348308F3FFDD5042A81167D4 /* Pods-InstagramClone.debug.xcconfig */,
				B3293E00C266CC40D9DB6A59 /* Pods-InstagramClone.release.xcconfig */,
			);
			path = Pods;
			sourceTree = "<group>";
		};
/* End PBXGroup section */

/* Begin PBXNativeTarget section */
		C086B24628D3069E00D6AC5A /* InstagramClone */ = {
			isa = PBXNativeTarget;
			buildConfigurationList = C086B25E28D306A100D6AC5A /* Build configuration list for PBXNativeTarget "InstagramClone" */;
			buildPhases = (
				8F5654668EBB9E7CBA919971 /* [CP] Check Pods Manifest.lock */,
				C086B24328D3069E00D6AC5A /* Sources */,
				C086B24428D3069E00D6AC5A /* Frameworks */,
				C086B24528D3069E00D6AC5A /* Resources */,
				1B173D62269EEB2F131ACD62 /* [CP] Embed Pods Frameworks */,
			);
			buildRules = (
			);
			dependencies = (
			);
			name = InstagramClone;
			productName = InstagramClone;
			productReference = C086B24728D3069E00D6AC5A /* InstagramClone.app */;
			productType = "com.apple.product-type.application";
		};
/* End PBXNativeTarget section */

/* Begin PBXProject section */
		C086B23F28D3069D00D6AC5A /* Project object */ = {
			isa = PBXProject;
			attributes = {
				BuildIndependentTargetsInParallel = 1;
				LastSwiftUpdateCheck = 1320;
				LastUpgradeCheck = 1320;
				TargetAttributes = {
					C086B24628D3069E00D6AC5A = {
						CreatedOnToolsVersion = 13.2.1;
					};
				};
			};
			buildConfigurationList = C086B24228D3069D00D6AC5A /* Build configuration list for PBXProject "InstagramClone" */;
			compatibilityVersion = "Xcode 13.0";
			developmentRegion = en;
			hasScannedForEncodings = 0;
			knownRegions = (
				en,
				Base,
			);
			mainGroup = C086B23E28D3069D00D6AC5A;
			productRefGroup = C086B24828D3069E00D6AC5A /* Products */;
			projectDirPath = "";
			projectRoot = "";
			targets = (
				C086B24628D3069E00D6AC5A /* InstagramClone */,
			);
		};
/* End PBXProject section */

/* Begin PBXResourcesBuildPhase section */
		C086B24528D3069E00D6AC5A /* Resources */ = {
			isa = PBXResourcesBuildPhase;
			buildActionMask = 2147483647;
			files = (
				C086B25A28D306A100D6AC5A /* LaunchScreen.storyboard in Resources */,
				C086B25728D306A100D6AC5A /* Assets.xcassets in Resources */,
				C003B37828D4344A009CEABF /* GoogleService-Info.plist in Resources */,
			);
			runOnlyForDeploymentPostprocessing = 0;
		};
/* End PBXResourcesBuildPhase section */

/* Begin PBXShellScriptBuildPhase section */
		1B173D62269EEB2F131ACD62 /* [CP] Embed Pods Frameworks */ = {
			isa = PBXShellScriptBuildPhase;
			buildActionMask = 2147483647;
			files = (
			);
			inputFileListPaths = (
				"${PODS_ROOT}/Target Support Files/Pods-InstagramClone/Pods-InstagramClone-frameworks-${CONFIGURATION}-input-files.xcfilelist",
			);
			name = "[CP] Embed Pods Frameworks";
			outputFileListPaths = (
				"${PODS_ROOT}/Target Support Files/Pods-InstagramClone/Pods-InstagramClone-frameworks-${CONFIGURATION}-output-files.xcfilelist",
			);
			runOnlyForDeploymentPostprocessing = 0;
			shellPath = /bin/sh;
			shellScript = "\"${PODS_ROOT}/Target Support Files/Pods-InstagramClone/Pods-InstagramClone-frameworks.sh\"\n";
			showEnvVarsInLog = 0;
		};
		8F5654668EBB9E7CBA919971 /* [CP] Check Pods Manifest.lock */ = {
			isa = PBXShellScriptBuildPhase;
			buildActionMask = 2147483647;
			files = (
			);
			inputFileListPaths = (
			);
			inputPaths = (
				"${PODS_PODFILE_DIR_PATH}/Podfile.lock",
				"${PODS_ROOT}/Manifest.lock",
			);
			name = "[CP] Check Pods Manifest.lock";
			outputFileListPaths = (
			);
			outputPaths = (
				"$(DERIVED_FILE_DIR)/Pods-InstagramClone-checkManifestLockResult.txt",
			);
			runOnlyForDeploymentPostprocessing = 0;
			shellPath = /bin/sh;
			shellScript = "diff \"${PODS_PODFILE_DIR_PATH}/Podfile.lock\" \"${PODS_ROOT}/Manifest.lock\" > /dev/null\nif [ $? != 0 ] ; then\n    # print error to STDERR\n    echo \"error: The sandbox is not in sync with the Podfile.lock. Run 'pod install' or update your CocoaPods installation.\" >&2\n    exit 1\nfi\n# This output is used by Xcode 'outputs' to avoid re-running this script phase.\necho \"SUCCESS\" > \"${SCRIPT_OUTPUT_FILE_0}\"\n";
			showEnvVarsInLog = 0;
		};
/* End PBXShellScriptBuildPhase section */

/* Begin PBXSourcesBuildPhase section */
		C086B24328D3069E00D6AC5A /* Sources */ = {
			isa = PBXSourcesBuildPhase;
			buildActionMask = 2147483647;
			files = (
				C003B35428D3102F009CEABF /* SignUpViewController.swift in Sources */,
				C003B36C28D3113A009CEABF /* AnalyticsManager.swift in Sources */,
				C003B36228D310DE009CEABF /* Relationship.swift in Sources */,
				C086B24F28D3069E00D6AC5A /* HomeViewController.swift in Sources */,
				C003B35A28D3106E009CEABF /* PostViewController.swift in Sources */,
				C086B24B28D3069E00D6AC5A /* AppDelegate.swift in Sources */,
				C003B36E28D31148009CEABF /* HapticsManager.swift in Sources */,
				C003B36028D310C6009CEABF /* Post.swift in Sources */,
				C003B35E28D310B8009CEABF /* User.swift in Sources */,
				C003B34728D30F0D009CEABF /* ExploreViewController.swift in Sources */,
				C086B25528D3069E00D6AC5A /* InstagramClone.xcdatamodeld in Sources */,
				C003B36628D3110A009CEABF /* AuthManager.swift in Sources */,
				C003B34F28D30FE7009CEABF /* TabBarViewController.swift in Sources */,
				C086B24D28D3069E00D6AC5A /* SceneDelegate.swift in Sources */,
				C003B35C28D31083009CEABF /* SettingsViewController.swift in Sources */,
				C003B36A28D3112F009CEABF /* StorageManager.swift in Sources */,
				C003B36428D310ED009CEABF /* Notification.swift in Sources */,
				C003B35628D31043009CEABF /* CaptionViewController.swift in Sources */,
				C003B34B28D30F31009CEABF /* NotificationsViewController.swift in Sources */,
				C003B34D28D30F40009CEABF /* ProfileViewController.swift in Sources */,
				C003B37628D344C8009CEABF /* IGTextField.swift in Sources */,
				C003B35228D3101D009CEABF /* SignInViewController.swift in Sources */,
				C003B37428D33D4D009CEABF /* Extensions.swift in Sources */,
				C003B35828D3105A009CEABF /* ListViewController.swift in Sources */,
				C003B34928D30F20009CEABF /* CameraViewController.swift in Sources */,
				C003B36828D31123009CEABF /* DatabaseManager.swift in Sources */,
				C003B37228D33BC0009CEABF /* SignInHeaderView.swift in Sources */,
			);
			runOnlyForDeploymentPostprocessing = 0;
		};
/* End PBXSourcesBuildPhase section */

/* Begin PBXVariantGroup section */
		C086B25828D306A100D6AC5A /* LaunchScreen.storyboard */ = {
			isa = PBXVariantGroup;
			children = (
				C086B25928D306A100D6AC5A /* Base */,
			);
			name = LaunchScreen.storyboard;
			sourceTree = "<group>";
		};
/* End PBXVariantGroup section */

/* Begin XCBuildConfiguration section */
		C086B25C28D306A100D6AC5A /* Debug */ = {
			isa = XCBuildConfiguration;
			buildSettings = {
				ALWAYS_SEARCH_USER_PATHS = NO;
				CLANG_ANALYZER_NONNULL = YES;
				CLANG_ANALYZER_NUMBER_OBJECT_CONVERSION = YES_AGGRESSIVE;
				CLANG_CXX_LANGUAGE_STANDARD = "gnu++17";
				CLANG_CXX_LIBRARY = "libc++";
				CLANG_ENABLE_MODULES = YES;
				CLANG_ENABLE_OBJC_ARC = YES;
				CLANG_ENABLE_OBJC_WEAK = YES;
				CLANG_WARN_BLOCK_CAPTURE_AUTORELEASING = YES;
				CLANG_WARN_BOOL_CONVERSION = YES;
				CLANG_WARN_COMMA = YES;
				CLANG_WARN_CONSTANT_CONVERSION = YES;
				CLANG_WARN_DEPRECATED_OBJC_IMPLEMENTATIONS = YES;
				CLANG_WARN_DIRECT_OBJC_ISA_USAGE = YES_ERROR;
				CLANG_WARN_DOCUMENTATION_COMMENTS = YES;
				CLANG_WARN_EMPTY_BODY = YES;
				CLANG_WARN_ENUM_CONVERSION = YES;
				CLANG_WARN_INFINITE_RECURSION = YES;
				CLANG_WARN_INT_CONVERSION = YES;
				CLANG_WARN_NON_LITERAL_NULL_CONVERSION = YES;
				CLANG_WARN_OBJC_IMPLICIT_RETAIN_SELF = YES;
				CLANG_WARN_OBJC_LITERAL_CONVERSION = YES;
				CLANG_WARN_OBJC_ROOT_CLASS = YES_ERROR;
				CLANG_WARN_QUOTED_INCLUDE_IN_FRAMEWORK_HEADER = YES;
				CLANG_WARN_RANGE_LOOP_ANALYSIS = YES;
				CLANG_WARN_STRICT_PROTOTYPES = YES;
				CLANG_WARN_SUSPICIOUS_MOVE = YES;
				CLANG_WARN_UNGUARDED_AVAILABILITY = YES_AGGRESSIVE;
				CLANG_WARN_UNREACHABLE_CODE = YES;
				CLANG_WARN__DUPLICATE_METHOD_MATCH = YES;
				COPY_PHASE_STRIP = NO;
				DEBUG_INFORMATION_FORMAT = dwarf;
				ENABLE_STRICT_OBJC_MSGSEND = YES;
				ENABLE_TESTABILITY = YES;
				GCC_C_LANGUAGE_STANDARD = gnu11;
				GCC_DYNAMIC_NO_PIC = NO;
				GCC_NO_COMMON_BLOCKS = YES;
				GCC_OPTIMIZATION_LEVEL = 0;
				GCC_PREPROCESSOR_DEFINITIONS = (
					"DEBUG=1",
					"$(inherited)",
				);
				GCC_WARN_64_TO_32_BIT_CONVERSION = YES;
				GCC_WARN_ABOUT_RETURN_TYPE = YES_ERROR;
				GCC_WARN_UNDECLARED_SELECTOR = YES;
				GCC_WARN_UNINITIALIZED_AUTOS = YES_AGGRESSIVE;
				GCC_WARN_UNUSED_FUNCTION = YES;
				GCC_WARN_UNUSED_VARIABLE = YES;
				IPHONEOS_DEPLOYMENT_TARGET = 15.2;
				MTL_ENABLE_DEBUG_INFO = INCLUDE_SOURCE;
				MTL_FAST_MATH = YES;
				ONLY_ACTIVE_ARCH = YES;
				SDKROOT = iphoneos;
				SWIFT_ACTIVE_COMPILATION_CONDITIONS = DEBUG;
				SWIFT_OPTIMIZATION_LEVEL = "-Onone";
			};
			name = Debug;
		};
		C086B25D28D306A100D6AC5A /* Release */ = {
			isa = XCBuildConfiguration;
			buildSettings = {
				ALWAYS_SEARCH_USER_PATHS = NO;
				CLANG_ANALYZER_NONNULL = YES;
				CLANG_ANALYZER_NUMBER_OBJECT_CONVERSION = YES_AGGRESSIVE;
				CLANG_CXX_LANGUAGE_STANDARD = "gnu++17";
				CLANG_CXX_LIBRARY = "libc++";
				CLANG_ENABLE_MODULES = YES;
				CLANG_ENABLE_OBJC_ARC = YES;
				CLANG_ENABLE_OBJC_WEAK = YES;
				CLANG_WARN_BLOCK_CAPTURE_AUTORELEASING = YES;
				CLANG_WARN_BOOL_CONVERSION = YES;
				CLANG_WARN_COMMA = YES;
				CLANG_WARN_CONSTANT_CONVERSION = YES;
				CLANG_WARN_DEPRECATED_OBJC_IMPLEMENTATIONS = YES;
				CLANG_WARN_DIRECT_OBJC_ISA_USAGE = YES_ERROR;
				CLANG_WARN_DOCUMENTATION_COMMENTS = YES;
				CLANG_WARN_EMPTY_BODY = YES;
				CLANG_WARN_ENUM_CONVERSION = YES;
				CLANG_WARN_INFINITE_RECURSION = YES;
				CLANG_WARN_INT_CONVERSION = YES;
				CLANG_WARN_NON_LITERAL_NULL_CONVERSION = YES;
				CLANG_WARN_OBJC_IMPLICIT_RETAIN_SELF = YES;
				CLANG_WARN_OBJC_LITERAL_CONVERSION = YES;
				CLANG_WARN_OBJC_ROOT_CLASS = YES_ERROR;
				CLANG_WARN_QUOTED_INCLUDE_IN_FRAMEWORK_HEADER = YES;
				CLANG_WARN_RANGE_LOOP_ANALYSIS = YES;
				CLANG_WARN_STRICT_PROTOTYPES = YES;
				CLANG_WARN_SUSPICIOUS_MOVE = YES;
				CLANG_WARN_UNGUARDED_AVAILABILITY = YES_AGGRESSIVE;
				CLANG_WARN_UNREACHABLE_CODE = YES;
				CLANG_WARN__DUPLICATE_METHOD_MATCH = YES;
				COPY_PHASE_STRIP = NO;
				DEBUG_INFORMATION_FORMAT = "dwarf-with-dsym";
				ENABLE_NS_ASSERTIONS = NO;
				ENABLE_STRICT_OBJC_MSGSEND = YES;
				GCC_C_LANGUAGE_STANDARD = gnu11;
				GCC_NO_COMMON_BLOCKS = YES;
				GCC_WARN_64_TO_32_BIT_CONVERSION = YES;
				GCC_WARN_ABOUT_RETURN_TYPE = YES_ERROR;
				GCC_WARN_UNDECLARED_SELECTOR = YES;
				GCC_WARN_UNINITIALIZED_AUTOS = YES_AGGRESSIVE;
				GCC_WARN_UNUSED_FUNCTION = YES;
				GCC_WARN_UNUSED_VARIABLE = YES;
				IPHONEOS_DEPLOYMENT_TARGET = 15.2;
				MTL_ENABLE_DEBUG_INFO = NO;
				MTL_FAST_MATH = YES;
				SDKROOT = iphoneos;
				SWIFT_COMPILATION_MODE = wholemodule;
				SWIFT_OPTIMIZATION_LEVEL = "-O";
				VALIDATE_PRODUCT = YES;
			};
			name = Release;
		};
		C086B25F28D306A100D6AC5A /* Debug */ = {
			isa = XCBuildConfiguration;
			baseConfigurationReference = 348308F3FFDD5042A81167D4 /* Pods-InstagramClone.debug.xcconfig */;
			buildSettings = {
				ASSETCATALOG_COMPILER_APPICON_NAME = AppIcon;
				ASSETCATALOG_COMPILER_GLOBAL_ACCENT_COLOR_NAME = AccentColor;
				CODE_SIGN_STYLE = Automatic;
				CURRENT_PROJECT_VERSION = 1;
				DEVELOPMENT_TEAM = CJT65P28V5;
				GENERATE_INFOPLIST_FILE = YES;
				INFOPLIST_FILE = InstagramClone/Info.plist;
				INFOPLIST_KEY_CFBundleDisplayName = Instagram;
				INFOPLIST_KEY_UIApplicationSupportsIndirectInputEvents = YES;
				INFOPLIST_KEY_UILaunchStoryboardName = LaunchScreen;
				INFOPLIST_KEY_UISupportedInterfaceOrientations = UIInterfaceOrientationPortrait;
				INFOPLIST_KEY_UISupportedInterfaceOrientations_iPad = "UIInterfaceOrientationPortrait UIInterfaceOrientationPortraitUpsideDown UIInterfaceOrientationLandscapeLeft UIInterfaceOrientationLandscapeRight";
				INFOPLIST_KEY_UISupportedInterfaceOrientations_iPhone = "UIInterfaceOrientationPortrait UIInterfaceOrientationLandscapeLeft UIInterfaceOrientationLandscapeRight";
				IPHONEOS_DEPLOYMENT_TARGET = 13.0;
				LD_RUNPATH_SEARCH_PATHS = (
					"$(inherited)",
					"@executable_path/Frameworks",
				);
				MARKETING_VERSION = 1.0;
				PRODUCT_BUNDLE_IDENTIFIER = com.pinakpanimukherjee.InstagramClone;
				PRODUCT_NAME = "$(TARGET_NAME)";
				SWIFT_EMIT_LOC_STRINGS = YES;
				SWIFT_VERSION = 5.0;
				TARGETED_DEVICE_FAMILY = 1;
			};
			name = Debug;
		};
		C086B26028D306A100D6AC5A /* Release */ = {
			isa = XCBuildConfiguration;
			baseConfigurationReference = B3293E00C266CC40D9DB6A59 /* Pods-InstagramClone.release.xcconfig */;
			buildSettings = {
				ASSETCATALOG_COMPILER_APPICON_NAME = AppIcon;
				ASSETCATALOG_COMPILER_GLOBAL_ACCENT_COLOR_NAME = AccentColor;
				CODE_SIGN_STYLE = Automatic;
				CURRENT_PROJECT_VERSION = 1;
				DEVELOPMENT_TEAM = CJT65P28V5;
				GENERATE_INFOPLIST_FILE = YES;
				INFOPLIST_FILE = InstagramClone/Info.plist;
				INFOPLIST_KEY_CFBundleDisplayName = Instagram;
				INFOPLIST_KEY_UIApplicationSupportsIndirectInputEvents = YES;
				INFOPLIST_KEY_UILaunchStoryboardName = LaunchScreen;
				INFOPLIST_KEY_UISupportedInterfaceOrientations = UIInterfaceOrientationPortrait;
				INFOPLIST_KEY_UISupportedInterfaceOrientations_iPad = "UIInterfaceOrientationPortrait UIInterfaceOrientationPortraitUpsideDown UIInterfaceOrientationLandscapeLeft UIInterfaceOrientationLandscapeRight";
				INFOPLIST_KEY_UISupportedInterfaceOrientations_iPhone = "UIInterfaceOrientationPortrait UIInterfaceOrientationLandscapeLeft UIInterfaceOrientationLandscapeRight";
				IPHONEOS_DEPLOYMENT_TARGET = 13.0;
				LD_RUNPATH_SEARCH_PATHS = (
					"$(inherited)",
					"@executable_path/Frameworks",
				);
				MARKETING_VERSION = 1.0;
				PRODUCT_BUNDLE_IDENTIFIER = com.pinakpanimukherjee.InstagramClone;
				PRODUCT_NAME = "$(TARGET_NAME)";
				SWIFT_EMIT_LOC_STRINGS = YES;
				SWIFT_VERSION = 5.0;
				TARGETED_DEVICE_FAMILY = 1;
			};
			name = Release;
		};
/* End XCBuildConfiguration section */

/* Begin XCConfigurationList section */
		C086B24228D3069D00D6AC5A /* Build configuration list for PBXProject "InstagramClone" */ = {
			isa = XCConfigurationList;
			buildConfigurations = (
				C086B25C28D306A100D6AC5A /* Debug */,
				C086B25D28D306A100D6AC5A /* Release */,
			);
			defaultConfigurationIsVisible = 0;
			defaultConfigurationName = Release;
		};
		C086B25E28D306A100D6AC5A /* Build configuration list for PBXNativeTarget "InstagramClone" */ = {
			isa = XCConfigurationList;
			buildConfigurations = (
				C086B25F28D306A100D6AC5A /* Debug */,
				C086B26028D306A100D6AC5A /* Release */,
			);
			defaultConfigurationIsVisible = 0;
			defaultConfigurationName = Release;
		};
/* End XCConfigurationList section */

/* Begin XCVersionGroup section */
		C086B25328D3069E00D6AC5A /* InstagramClone.xcdatamodeld */ = {
			isa = XCVersionGroup;
			children = (
				C086B25428D3069E00D6AC5A /* InstagramClone.xcdatamodel */,
			);
			currentVersion = C086B25428D3069E00D6AC5A /* InstagramClone.xcdatamodel */;
			path = InstagramClone.xcdatamodeld;
			sourceTree = "<group>";
			versionGroupType = wrapper.xcdatamodel;
		};
/* End XCVersionGroup section */
	};
	rootObject = C086B23F28D3069D00D6AC5A /* Project object */;
}
